Microsoft Visual Studio Solution File, Format Version 12.00
# Visual Studio 15
VisualStudioVersion = 15.0.28307.572
MinimumVisualStudioVersion = 10.0.40219.1
Project("{FAE04EC0-301F-11D3-BF4B-00C04F79EFBC}") = "Menu", "Menu\Menu.csproj", "{762FD0F3-DE58-45BA-A92F-6CF41A80C57B}"
	ProjectSection(ProjectDependencies) = postProject
		{B6FB027C-FCA6-438E-B73E-DA439E3B304C} = {B6FB027C-FCA6-438E-B73E-DA439E3B304C}
		{A651DE82-DAB6-40FD-96E8-A076DC59CBC3} = {A651DE82-DAB6-40FD-96E8-A076DC59CBC3}
		{087336AB-B0AB-4AE2-BD1A-FE8E46D172A5} = {087336AB-B0AB-4AE2-BD1A-FE8E46D172A5}
		{630DDFB0-3858-48D0-8114-709520A30260} = {630DDFB0-3858-48D0-8114-709520A30260}
	EndProjectSection
EndProject
Project("{FAE04EC0-301F-11D3-BF4B-00C04F79EFBC}") = "Clarity", "Clarity\Clarity.csproj", "{087336AB-B0AB-4AE2-BD1A-FE8E46D172A5}"
	ProjectSection(ProjectDependencies) = postProject
		{A651DE82-DAB6-40FD-96E8-A076DC59CBC3} = {A651DE82-DAB6-40FD-96E8-A076DC59CBC3}
	EndProjectSection
EndProject
Project("{FAE04EC0-301F-11D3-BF4B-00C04F79EFBC}") = "Color", "Color\Color.csproj", "{630DDFB0-3858-48D0-8114-709520A30260}"
	ProjectSection(ProjectDependencies) = postProject
		{A651DE82-DAB6-40FD-96E8-A076DC59CBC3} = {A651DE82-DAB6-40FD-96E8-A076DC59CBC3}
	EndProjectSection
EndProject
Project("{FAE04EC0-301F-11D3-BF4B-00C04F79EFBC}") = "Front", "Front\Front.csproj", "{F42B5BE5-E359-435A-8501-D2CE1E869D9D}"
	ProjectSection(ProjectDependencies) = postProject
		{A651DE82-DAB6-40FD-96E8-A076DC59CBC3} = {A651DE82-DAB6-40FD-96E8-A076DC59CBC3}
	EndProjectSection
EndProject
Project("{FAE04EC0-301F-11D3-BF4B-00C04F79EFBC}") = "gemoDream", "gdrLogin\gemoDream.csproj", "{5DE5A236-FE75-4590-B896-DE3D9E1A71B9}"
EndProject
Project("{FAE04EC0-301F-11D3-BF4B-00C04F79EFBC}") = "gdrClientLibrary", "gdrLibrary\gdrClientLibrary.csproj", "{A651DE82-DAB6-40FD-96E8-A076DC59CBC3}"
EndProject
Project("{FAE04EC0-301F-11D3-BF4B-00C04F79EFBC}") = "Cntrls", "Cntrls\Cntrls.csproj", "{6809104E-BB4E-4998-8AFC-201F350FE4EE}"
EndProject
Project("{FAE04EC0-301F-11D3-BF4B-00C04F79EFBC}") = "CustomerProgram", "CustomerProgram\CustomerProgram.csproj", "{06E61047-87FD-41D3-AF08-3C237C9E840D}"
EndProject
Project("{FAE04EC0-301F-11D3-BF4B-00C04F79EFBC}") = "ComponentTester", "ComponentTester\ComponentTester.csproj", "{D5B1F8F6-4380-41C6-960E-42BAD524334E}"
EndProject
Project("{FAE04EC0-301F-11D3-BF4B-00C04F79EFBC}") = "Measure", "Measure\Measure.csproj", "{570AE7D7-9645-4B86-9D0A-046700B2496E}"
EndProject
Project("{FAE04EC0-301F-11D3-BF4B-00C04F79EFBC}") = "AccountRep", "AccountRep\AccountRep.csproj", "{4E031038-D94D-4132-9A9F-A32EA76ECA3C}"
EndProject
Project("{FAE04EC0-301F-11D3-BF4B-00C04F79EFBC}") = "CustomerCreation", "CustomerCreation\CustomerCreation.csproj", "{7E450FB3-DA66-4701-94EE-ACC9DEEA656E}"
EndProject
Project("{FAE04EC0-301F-11D3-BF4B-00C04F79EFBC}") = "ReItemzn", "ReItemzn\ReItemzn.csproj", "{D119D286-8BEC-47A3-B686-A3DF640BCF95}"
EndProject
Project("{FAE04EC0-301F-11D3-BF4B-00C04F79EFBC}") = "Printing", "Printing\Printing.csproj", "{860AE0ED-B293-4834-AB48-A773FB976CC3}"
EndProject
Project("{FAE04EC0-301F-11D3-BF4B-00C04F79EFBC}") = "Utils", "Utils\Utils.csproj", "{2C748BD4-EFDF-4871-8793-B49BAF38B179}"
EndProject
Project("{FAE04EC0-301F-11D3-BF4B-00C04F79EFBC}") = "ReMeasure", "ReMeasure\ReMeasure.csproj", "{523AFBD0-2FA3-44F6-8159-806CCCBFB2B8}"
EndProject
Project("{FAE04EC0-301F-11D3-BF4B-00C04F79EFBC}") = "DeaprtureSettings", "DeaprtureSettings\DeaprtureSettings.csproj", "{66471602-0776-46B0-BBFC-BA05C2A56567}"
EndProject
Project("{FAE04EC0-301F-11D3-BF4B-00C04F79EFBC}") = "AddExtraData", "AddExtraData\AddExtraData.csproj", "{64D60728-E4E9-453F-85A9-28073A3C6C1F}"
EndProject
Project("{FAE04EC0-301F-11D3-BF4B-00C04F79EFBC}") = "CMStrategy", "CMStrategy\CMStrategy.csproj", "{33DC8607-5169-46D9-9B9C-8FD3ECB69882}"
EndProject
Project("{FAE04EC0-301F-11D3-BF4B-00C04F79EFBC}") = "CrystalReport", "CrystalReport\CrystalReport.csproj", "{52ECD043-CF96-4FFC-8F56-6C7E0D7207DD}"
EndProject
Project("{FAE04EC0-301F-11D3-BF4B-00C04F79EFBC}") = "CrystalReportSrv", "CrystalReportSrv\CrystalReportSrv.csproj", "{6185CA6F-4C2A-4625-B86C-E3DD3B47B415}"
EndProject
Project("{FAE04EC0-301F-11D3-BF4B-00C04F79EFBC}") = "History", "History\History.csproj", "{7F7BACDE-8B44-43EA-B917-C88551D0975D}"
EndProject
Project("{FAE04EC0-301F-11D3-BF4B-00C04F79EFBC}") = "DefineDocument", "DefineDocument\DefineDocument.csproj", "{B7FAB17F-4405-4949-BE10-5BEE2A3E2BA1}"
EndProject
Project("{FAE04EC0-301F-11D3-BF4B-00C04F79EFBC}") = "SerialPortCustomWrapper", "SerialPortCustomWrapper\SerialPortCustomWrapper.csproj", "{D9A55045-6101-4F83-BA18-0047112B9199}"
EndProject
Project("{FAE04EC0-301F-11D3-BF4B-00C04F79EFBC}") = "Itemizn", "Itemizn\Itemizn.csproj", "{5AAD099A-2F2A-447B-861A-6BC4CAD91B55}"
EndProject
Project("{FAE04EC0-301F-11D3-BF4B-00C04F79EFBC}") = "ShipManifestConstructor", "ShipManifestConstructor\ShipManifestConstructor.csproj", "{B6FB027C-FCA6-438E-B73E-DA439E3B304C}"
EndProject
Project("{FAE04EC0-301F-11D3-BF4B-00C04F79EFBC}") = "NewCntrls", "NewCntrls\NewCntrls.csproj", "{30ABDFED-559C-440F-BC54-6E5190554AF3}"
EndProject
Project("{FAE04EC0-301F-11D3-BF4B-00C04F79EFBC}") = "ImageListViewDemo", "ImageListViewDemo\ImageListViewDemo.csproj", "{A4FCA838-02E1-4C57-B0C0-8A6734657C47}"
EndProject
Global
	GlobalSection(SolutionConfigurationPlatforms) = preSolution
		Debug|Any CPU = Debug|Any CPU
		Release|Any CPU = Release|Any CPU
	EndGlobalSection
	GlobalSection(ProjectConfigurationPlatforms) = postSolution
		{762FD0F3-DE58-45BA-A92F-6CF41A80C57B}.Debug|Any CPU.ActiveCfg = Debug|Any CPU
		{762FD0F3-DE58-45BA-A92F-6CF41A80C57B}.Debug|Any CPU.Build.0 = Debug|Any CPU
		{762FD0F3-DE58-45BA-A92F-6CF41A80C57B}.Release|Any CPU.ActiveCfg = Release|Any CPU
		{762FD0F3-DE58-45BA-A92F-6CF41A80C57B}.Release|Any CPU.Build.0 = Release|Any CPU
		{087336AB-B0AB-4AE2-BD1A-FE8E46D172A5}.Debug|Any CPU.ActiveCfg = Debug|Any CPU
		{087336AB-B0AB-4AE2-BD1A-FE8E46D172A5}.Debug|Any CPU.Build.0 = Debug|Any CPU
		{087336AB-B0AB-4AE2-BD1A-FE8E46D172A5}.Release|Any CPU.ActiveCfg = Release|Any CPU
		{087336AB-B0AB-4AE2-BD1A-FE8E46D172A5}.Release|Any CPU.Build.0 = Release|Any CPU
		{630DDFB0-3858-48D0-8114-709520A30260}.Debug|Any CPU.ActiveCfg = Debug|Any CPU
		{630DDFB0-3858-48D0-8114-709520A30260}.Debug|Any CPU.Build.0 = Debug|Any CPU
		{630DDFB0-3858-48D0-8114-709520A30260}.Release|Any CPU.ActiveCfg = Release|Any CPU
		{630DDFB0-3858-48D0-8114-709520A30260}.Release|Any CPU.Build.0 = Release|Any CPU
		{F42B5BE5-E359-435A-8501-D2CE1E869D9D}.Debug|Any CPU.ActiveCfg = Debug|Any CPU
		{F42B5BE5-E359-435A-8501-D2CE1E869D9D}.Debug|Any CPU.Build.0 = Debug|Any CPU
		{F42B5BE5-E359-435A-8501-D2CE1E869D9D}.Release|Any CPU.ActiveCfg = Release|Any CPU
		{F42B5BE5-E359-435A-8501-D2CE1E869D9D}.Release|Any CPU.Build.0 = Release|Any CPU
		{5DE5A236-FE75-4590-B896-DE3D9E1A71B9}.Debug|Any CPU.ActiveCfg = Debug|Any CPU
		{5DE5A236-FE75-4590-B896-DE3D9E1A71B9}.Debug|Any CPU.Build.0 = Debug|Any CPU
		{5DE5A236-FE75-4590-B896-DE3D9E1A71B9}.Release|Any CPU.ActiveCfg = Release|Any CPU
		{5DE5A236-FE75-4590-B896-DE3D9E1A71B9}.Release|Any CPU.Build.0 = Release|Any CPU
		{A651DE82-DAB6-40FD-96E8-A076DC59CBC3}.Debug|Any CPU.ActiveCfg = Debug|Any CPU
		{A651DE82-DAB6-40FD-96E8-A076DC59CBC3}.Debug|Any CPU.Build.0 = Debug|Any CPU
		{A651DE82-DAB6-40FD-96E8-A076DC59CBC3}.Release|Any CPU.ActiveCfg = Release|Any CPU
		{A651DE82-DAB6-40FD-96E8-A076DC59CBC3}.Release|Any CPU.Build.0 = Release|Any CPU
		{6809104E-BB4E-4998-8AFC-201F350FE4EE}.Debug|Any CPU.ActiveCfg = Debug|Any CPU
		{6809104E-BB4E-4998-8AFC-201F350FE4EE}.Debug|Any CPU.Build.0 = Debug|Any CPU
		{6809104E-BB4E-4998-8AFC-201F350FE4EE}.Release|Any CPU.ActiveCfg = Release|Any CPU
		{6809104E-BB4E-4998-8AFC-201F350FE4EE}.Release|Any CPU.Build.0 = Release|Any CPU
		{06E61047-87FD-41D3-AF08-3C237C9E840D}.Debug|Any CPU.ActiveCfg = Debug|Any CPU
		{06E61047-87FD-41D3-AF08-3C237C9E840D}.Debug|Any CPU.Build.0 = Debug|Any CPU
		{06E61047-87FD-41D3-AF08-3C237C9E840D}.Release|Any CPU.ActiveCfg = Release|Any CPU
		{06E61047-87FD-41D3-AF08-3C237C9E840D}.Release|Any CPU.Build.0 = Release|Any CPU
		{D5B1F8F6-4380-41C6-960E-42BAD524334E}.Debug|Any CPU.ActiveCfg = Debug|Any CPU
		{D5B1F8F6-4380-41C6-960E-42BAD524334E}.Debug|Any CPU.Build.0 = Debug|Any CPU
		{D5B1F8F6-4380-41C6-960E-42BAD524334E}.Release|Any CPU.ActiveCfg = Release|Any CPU
		{D5B1F8F6-4380-41C6-960E-42BAD524334E}.Release|Any CPU.Build.0 = Release|Any CPU
		{570AE7D7-9645-4B86-9D0A-046700B2496E}.Debug|Any CPU.ActiveCfg = Debug|Any CPU
		{570AE7D7-9645-4B86-9D0A-046700B2496E}.Debug|Any CPU.Build.0 = Debug|Any CPU
		{570AE7D7-9645-4B86-9D0A-046700B2496E}.Release|Any CPU.ActiveCfg = Release|Any CPU
		{570AE7D7-9645-4B86-9D0A-046700B2496E}.Release|Any CPU.Build.0 = Release|Any CPU
		{4E031038-D94D-4132-9A9F-A32EA76ECA3C}.Debug|Any CPU.ActiveCfg = Debug|Any CPU
		{4E031038-D94D-4132-9A9F-A32EA76ECA3C}.Debug|Any CPU.Build.0 = Debug|Any CPU
		{4E031038-D94D-4132-9A9F-A32EA76ECA3C}.Release|Any CPU.ActiveCfg = Release|Any CPU
		{4E031038-D94D-4132-9A9F-A32EA76ECA3C}.Release|Any CPU.Build.0 = Release|Any CPU
		{7E450FB3-DA66-4701-94EE-ACC9DEEA656E}.Debug|Any CPU.ActiveCfg = Debug|Any CPU
		{7E450FB3-DA66-4701-94EE-ACC9DEEA656E}.Debug|Any CPU.Build.0 = Debug|Any CPU
		{7E450FB3-DA66-4701-94EE-ACC9DEEA656E}.Release|Any CPU.ActiveCfg = Release|Any CPU
		{7E450FB3-DA66-4701-94EE-ACC9DEEA656E}.Release|Any CPU.Build.0 = Release|Any CPU
		{D119D286-8BEC-47A3-B686-A3DF640BCF95}.Debug|Any CPU.ActiveCfg = Debug|Any CPU
		{D119D286-8BEC-47A3-B686-A3DF640BCF95}.Debug|Any CPU.Build.0 = Debug|Any CPU
		{D119D286-8BEC-47A3-B686-A3DF640BCF95}.Release|Any CPU.ActiveCfg = Release|Any CPU
		{D119D286-8BEC-47A3-B686-A3DF640BCF95}.Release|Any CPU.Build.0 = Release|Any CPU
		{860AE0ED-B293-4834-AB48-A773FB976CC3}.Debug|Any CPU.ActiveCfg = Debug|Any CPU
		{860AE0ED-B293-4834-AB48-A773FB976CC3}.Debug|Any CPU.Build.0 = Debug|Any CPU
		{860AE0ED-B293-4834-AB48-A773FB976CC3}.Release|Any CPU.ActiveCfg = Release|Any CPU
		{860AE0ED-B293-4834-AB48-A773FB976CC3}.Release|Any CPU.Build.0 = Release|Any CPU
		{2C748BD4-EFDF-4871-8793-B49BAF38B179}.Debug|Any CPU.ActiveCfg = Debug|Any CPU
		{2C748BD4-EFDF-4871-8793-B49BAF38B179}.Debug|Any CPU.Build.0 = Debug|Any CPU
		{2C748BD4-EFDF-4871-8793-B49BAF38B179}.Release|Any CPU.ActiveCfg = Release|Any CPU
		{2C748BD4-EFDF-4871-8793-B49BAF38B179}.Release|Any CPU.Build.0 = Release|Any CPU
		{523AFBD0-2FA3-44F6-8159-806CCCBFB2B8}.Debug|Any CPU.ActiveCfg = Debug|Any CPU
		{523AFBD0-2FA3-44F6-8159-806CCCBFB2B8}.Debug|Any CPU.Build.0 = Debug|Any CPU
		{523AFBD0-2FA3-44F6-8159-806CCCBFB2B8}.Release|Any CPU.ActiveCfg = Release|Any CPU
		{523AFBD0-2FA3-44F6-8159-806CCCBFB2B8}.Release|Any CPU.Build.0 = Release|Any CPU
		{66471602-0776-46B0-BBFC-BA05C2A56567}.Debug|Any CPU.ActiveCfg = Debug|Any CPU
		{66471602-0776-46B0-BBFC-BA05C2A56567}.Debug|Any CPU.Build.0 = Debug|Any CPU
		{66471602-0776-46B0-BBFC-BA05C2A56567}.Release|Any CPU.ActiveCfg = Release|Any CPU
		{66471602-0776-46B0-BBFC-BA05C2A56567}.Release|Any CPU.Build.0 = Release|Any CPU
		{64D60728-E4E9-453F-85A9-28073A3C6C1F}.Debug|Any CPU.ActiveCfg = Debug|Any CPU
		{64D60728-E4E9-453F-85A9-28073A3C6C1F}.Debug|Any CPU.Build.0 = Debug|Any CPU
		{64D60728-E4E9-453F-85A9-28073A3C6C1F}.Release|Any CPU.ActiveCfg = Release|Any CPU
		{64D60728-E4E9-453F-85A9-28073A3C6C1F}.Release|Any CPU.Build.0 = Release|Any CPU
		{33DC8607-5169-46D9-9B9C-8FD3ECB69882}.Debug|Any CPU.ActiveCfg = Debug|Any CPU
		{33DC8607-5169-46D9-9B9C-8FD3ECB69882}.Debug|Any CPU.Build.0 = Debug|Any CPU
		{33DC8607-5169-46D9-9B9C-8FD3ECB69882}.Release|Any CPU.ActiveCfg = Release|Any CPU
		{33DC8607-5169-46D9-9B9C-8FD3ECB69882}.Release|Any CPU.Build.0 = Release|Any CPU
		{52ECD043-CF96-4FFC-8F56-6C7E0D7207DD}.Debug|Any CPU.ActiveCfg = Debug|Any CPU
		{52ECD043-CF96-4FFC-8F56-6C7E0D7207DD}.Debug|Any CPU.Build.0 = Debug|Any CPU
		{52ECD043-CF96-4FFC-8F56-6C7E0D7207DD}.Release|Any CPU.ActiveCfg = Release|Any CPU
		{52ECD043-CF96-4FFC-8F56-6C7E0D7207DD}.Release|Any CPU.Build.0 = Release|Any CPU
		{6185CA6F-4C2A-4625-B86C-E3DD3B47B415}.Debug|Any CPU.ActiveCfg = Debug|Any CPU
		{6185CA6F-4C2A-4625-B86C-E3DD3B47B415}.Debug|Any CPU.Build.0 = Debug|Any CPU
		{6185CA6F-4C2A-4625-B86C-E3DD3B47B415}.Release|Any CPU.ActiveCfg = Release|Any CPU
		{6185CA6F-4C2A-4625-B86C-E3DD3B47B415}.Release|Any CPU.Build.0 = Release|Any CPU
		{7F7BACDE-8B44-43EA-B917-C88551D0975D}.Debug|Any CPU.ActiveCfg = Debug|Any CPU
		{7F7BACDE-8B44-43EA-B917-C88551D0975D}.Debug|Any CPU.Build.0 = Debug|Any CPU
		{7F7BACDE-8B44-43EA-B917-C88551D0975D}.Release|Any CPU.ActiveCfg = Release|Any CPU
		{7F7BACDE-8B44-43EA-B917-C88551D0975D}.Release|Any CPU.Build.0 = Release|Any CPU
		{B7FAB17F-4405-4949-BE10-5BEE2A3E2BA1}.Debug|Any CPU.ActiveCfg = Debug|Any CPU
		{B7FAB17F-4405-4949-BE10-5BEE2A3E2BA1}.Debug|Any CPU.Build.0 = Debug|Any CPU
		{B7FAB17F-4405-4949-BE10-5BEE2A3E2BA1}.Release|Any CPU.ActiveCfg = Release|Any CPU
		{B7FAB17F-4405-4949-BE10-5BEE2A3E2BA1}.Release|Any CPU.Build.0 = Release|Any CPU
		{D9A55045-6101-4F83-BA18-0047112B9199}.Debug|Any CPU.ActiveCfg = Debug|Any CPU
		{D9A55045-6101-4F83-BA18-0047112B9199}.Debug|Any CPU.Build.0 = Debug|Any CPU
		{D9A55045-6101-4F83-BA18-0047112B9199}.Release|Any CPU.ActiveCfg = Release|Any CPU
		{D9A55045-6101-4F83-BA18-0047112B9199}.Release|Any CPU.Build.0 = Release|Any CPU
		{5AAD099A-2F2A-447B-861A-6BC4CAD91B55}.Debug|Any CPU.ActiveCfg = Debug|Any CPU
		{5AAD099A-2F2A-447B-861A-6BC4CAD91B55}.Debug|Any CPU.Build.0 = Debug|Any CPU
		{5AAD099A-2F2A-447B-861A-6BC4CAD91B55}.Release|Any CPU.ActiveCfg = Release|Any CPU
		{5AAD099A-2F2A-447B-861A-6BC4CAD91B55}.Release|Any CPU.Build.0 = Release|Any CPU
		{B6FB027C-FCA6-438E-B73E-DA439E3B304C}.Debug|Any CPU.ActiveCfg = Debug|Any CPU
		{B6FB027C-FCA6-438E-B73E-DA439E3B304C}.Debug|Any CPU.Build.0 = Debug|Any CPU
		{B6FB027C-FCA6-438E-B73E-DA439E3B304C}.Release|Any CPU.ActiveCfg = Release|Any CPU
		{B6FB027C-FCA6-438E-B73E-DA439E3B304C}.Release|Any CPU.Build.0 = Release|Any CPU
		{30ABDFED-559C-440F-BC54-6E5190554AF3}.Debug|Any CPU.ActiveCfg = Debug|Any CPU
		{30ABDFED-559C-440F-BC54-6E5190554AF3}.Debug|Any CPU.Build.0 = Debug|Any CPU
		{30ABDFED-559C-440F-BC54-6E5190554AF3}.Release|Any CPU.ActiveCfg = Release|Any CPU
		{30ABDFED-559C-440F-BC54-6E5190554AF3}.Release|Any CPU.Build.0 = Release|Any CPU
		{A4FCA838-02E1-4C57-B0C0-8A6734657C47}.Debug|Any CPU.ActiveCfg = Debug|Any CPU
		{A4FCA838-02E1-4C57-B0C0-8A6734657C47}.Debug|Any CPU.Build.0 = Debug|Any CPU
		{A4FCA838-02E1-4C57-B0C0-8A6734657C47}.Release|Any CPU.ActiveCfg = Release|Any CPU
		{A4FCA838-02E1-4C57-B0C0-8A6734657C47}.Release|Any CPU.Build.0 = Release|Any CPU
	EndGlobalSection
	GlobalSection(SolutionProperties) = preSolution
		HideSolutionNode = FALSE
	EndGlobalSection
	GlobalSection(ExtensibilityGlobals) = postSolution
		SolutionGuid = {6699FFFA-F5E0-4547-8B06-55084593FB63}
	EndGlobalSection
EndGlobal
